
Microsoft Visual Studio Solution File, Format Version 12.00
# Visual Studio Version 17
VisualStudioVersion = 17.4.33213.308
MinimumVisualStudioVersion = 10.0.40219.1
Project("{9A19103F-16F7-4668-BE54-9A1E7A4F7556}") = "Glaceon", "Layer 3 - Presentation\Glaceon\Glaceon.csproj", "{8E26D490-47B4-42B7-A649-D614215027B4}"
EndProject
Project("{9A19103F-16F7-4668-BE54-9A1E7A4F7556}") = "Eevee", "Layer 0 - Domain\Eevee\Eevee.csproj", "{AD9A62F2-38B1-47B0-8901-D97C1F03A3B7}"
EndProject
Project("{2150E333-8FDC-42A3-9474-1A3956D46DE8}") = "Layer 0 - Domain", "Layer 0 - Domain", "{32495D7D-174E-4F21-8AC2-7F2498C0AFBE}"
EndProject
Project("{2150E333-8FDC-42A3-9474-1A3956D46DE8}") = "Layer 1 - Data", "Layer 1 - Data", "{39560A03-7A25-45ED-B7E2-9DE9C963AB84}"
EndProject
Project("{2150E333-8FDC-42A3-9474-1A3956D46DE8}") = "Layer 2 - Application", "Layer 2 - Application", "{591F1EB2-30A7-4A93-A31E-AE141D208B85}"
EndProject
Project("{2150E333-8FDC-42A3-9474-1A3956D46DE8}") = "Layer 3 - Presentation", "Layer 3 - Presentation", "{D44A2C1B-2A14-48FE-A7FE-EF281C04D0E6}"
EndProject
Project("{9A19103F-16F7-4668-BE54-9A1E7A4F7556}") = "TestProject1", "Test\TestProject1\TestProject1.csproj", "{1EB4378E-A2D3-410A-B8AB-B49620DD2E3A}"
EndProject
Project("{2150E333-8FDC-42A3-9474-1A3956D46DE8}") = "Test", "Test", "{7B2ACE15-8585-483B-94B9-8199E26D0C8B}"
EndProject
Project("{9A19103F-16F7-4668-BE54-9A1E7A4F7556}") = "TestGems", "Layer 1 - Data\TestGems\TestGems.csproj", "{DFA63F45-8F02-4083-8967-4E0A93AED74D}"
EndProject
Project("{9A19103F-16F7-4668-BE54-9A1E7A4F7556}") = "Logia", "Layer 2 - Application\Logia\Logia.csproj", "{6C0DE98D-9245-4F84-B38D-E237C166BABE}"
EndProject
Project("{9A19103F-16F7-4668-BE54-9A1E7A4F7556}") = "Espeon", "Layer 2 - Application\Espeon\Espeon.csproj", "{B10B9118-9DFE-4779-8AB8-2F08D09440EE}"
EndProject
Project("{9A19103F-16F7-4668-BE54-9A1E7A4F7556}") = "Umbreon", "Layer 2 - Application\Umbreon\Umbreon.csproj", "{7C5B43A0-2B53-4E83-BC9A-66B609C2E5C6}"
EndProject
Project("{2150E333-8FDC-42A3-9474-1A3956D46DE8}") = "Util", "Util", "{469F569D-2B60-4225-95A8-2DC6BA8EF657}"
EndProject
Project("{9A19103F-16F7-4668-BE54-9A1E7A4F7556}") = "Util", "..\..\..\Git\common\SouchyUtils\Util\Util.csproj", "{5F871084-B1EF-4FA7-B5CB-7FA95AD9B27D}"
EndProject
Project("{2150E333-8FDC-42A3-9474-1A3956D46DE8}") = "Dependencies", "Dependencies", "{B9571B7E-78C9-449B-9D21-4E823429FD45}"
EndProject
Project("{9A19103F-16F7-4668-BE54-9A1E7A4F7556}") = "GodotUtil", "..\..\..\Git\common\SouchyUtils\GodotUtil\GodotUtil.csproj", "{A387EDAA-64AB-44FC-ABD6-0099CFA6F8FE}"
EndProject
Global
	GlobalSection(SolutionConfigurationPlatforms) = preSolution
		Debug|Any CPU = Debug|Any CPU
		ExportDebug|Any CPU = ExportDebug|Any CPU
		ExportRelease|Any CPU = ExportRelease|Any CPU
		Release|Any CPU = Release|Any CPU
	EndGlobalSection
	GlobalSection(ProjectConfigurationPlatforms) = postSolution
		{8E26D490-47B4-42B7-A649-D614215027B4}.Debug|Any CPU.ActiveCfg = Debug|Any CPU
		{8E26D490-47B4-42B7-A649-D614215027B4}.Debug|Any CPU.Build.0 = Debug|Any CPU
		{8E26D490-47B4-42B7-A649-D614215027B4}.ExportDebug|Any CPU.ActiveCfg = ExportDebug|Any CPU
		{8E26D490-47B4-42B7-A649-D614215027B4}.ExportDebug|Any CPU.Build.0 = ExportDebug|Any CPU
		{8E26D490-47B4-42B7-A649-D614215027B4}.ExportRelease|Any CPU.ActiveCfg = ExportRelease|Any CPU
		{8E26D490-47B4-42B7-A649-D614215027B4}.ExportRelease|Any CPU.Build.0 = ExportRelease|Any CPU
		{8E26D490-47B4-42B7-A649-D614215027B4}.Release|Any CPU.ActiveCfg = ExportRelease|Any CPU
		{8E26D490-47B4-42B7-A649-D614215027B4}.Release|Any CPU.Build.0 = ExportRelease|Any CPU
		{AD9A62F2-38B1-47B0-8901-D97C1F03A3B7}.Debug|Any CPU.ActiveCfg = Debug|Any CPU
		{AD9A62F2-38B1-47B0-8901-D97C1F03A3B7}.Debug|Any CPU.Build.0 = Debug|Any CPU
		{AD9A62F2-38B1-47B0-8901-D97C1F03A3B7}.ExportDebug|Any CPU.ActiveCfg = Debug|Any CPU
		{AD9A62F2-38B1-47B0-8901-D97C1F03A3B7}.ExportDebug|Any CPU.Build.0 = Debug|Any CPU
		{AD9A62F2-38B1-47B0-8901-D97C1F03A3B7}.ExportRelease|Any CPU.ActiveCfg = Release|Any CPU
		{AD9A62F2-38B1-47B0-8901-D97C1F03A3B7}.ExportRelease|Any CPU.Build.0 = Release|Any CPU
		{AD9A62F2-38B1-47B0-8901-D97C1F03A3B7}.Release|Any CPU.ActiveCfg = Release|Any CPU
		{AD9A62F2-38B1-47B0-8901-D97C1F03A3B7}.Release|Any CPU.Build.0 = Release|Any CPU
		{1EB4378E-A2D3-410A-B8AB-B49620DD2E3A}.Debug|Any CPU.ActiveCfg = Debug|Any CPU
		{1EB4378E-A2D3-410A-B8AB-B49620DD2E3A}.Debug|Any CPU.Build.0 = Debug|Any CPU
		{1EB4378E-A2D3-410A-B8AB-B49620DD2E3A}.ExportDebug|Any CPU.ActiveCfg = Debug|Any CPU
		{1EB4378E-A2D3-410A-B8AB-B49620DD2E3A}.ExportDebug|Any CPU.Build.0 = Debug|Any CPU
		{1EB4378E-A2D3-410A-B8AB-B49620DD2E3A}.ExportRelease|Any CPU.ActiveCfg = Release|Any CPU
		{1EB4378E-A2D3-410A-B8AB-B49620DD2E3A}.ExportRelease|Any CPU.Build.0 = Release|Any CPU
		{1EB4378E-A2D3-410A-B8AB-B49620DD2E3A}.Release|Any CPU.ActiveCfg = Release|Any CPU
		{1EB4378E-A2D3-410A-B8AB-B49620DD2E3A}.Release|Any CPU.Build.0 = Release|Any CPU
		{DFA63F45-8F02-4083-8967-4E0A93AED74D}.Debug|Any CPU.ActiveCfg = Debug|Any CPU
		{DFA63F45-8F02-4083-8967-4E0A93AED74D}.Debug|Any CPU.Build.0 = Debug|Any CPU
		{DFA63F45-8F02-4083-8967-4E0A93AED74D}.ExportDebug|Any CPU.ActiveCfg = Debug|Any CPU
		{DFA63F45-8F02-4083-8967-4E0A93AED74D}.ExportDebug|Any CPU.Build.0 = Debug|Any CPU
		{DFA63F45-8F02-4083-8967-4E0A93AED74D}.ExportRelease|Any CPU.ActiveCfg = Release|Any CPU
		{DFA63F45-8F02-4083-8967-4E0A93AED74D}.ExportRelease|Any CPU.Build.0 = Release|Any CPU
		{DFA63F45-8F02-4083-8967-4E0A93AED74D}.Release|Any CPU.ActiveCfg = Release|Any CPU
		{DFA63F45-8F02-4083-8967-4E0A93AED74D}.Release|Any CPU.Build.0 = Release|Any CPU
		{6C0DE98D-9245-4F84-B38D-E237C166BABE}.Debug|Any CPU.ActiveCfg = Debug|Any CPU
		{6C0DE98D-9245-4F84-B38D-E237C166BABE}.Debug|Any CPU.Build.0 = Debug|Any CPU
		{6C0DE98D-9245-4F84-B38D-E237C166BABE}.ExportDebug|Any CPU.ActiveCfg = Debug|Any CPU
		{6C0DE98D-9245-4F84-B38D-E237C166BABE}.ExportDebug|Any CPU.Build.0 = Debug|Any CPU
		{6C0DE98D-9245-4F84-B38D-E237C166BABE}.ExportRelease|Any CPU.ActiveCfg = Release|Any CPU
		{6C0DE98D-9245-4F84-B38D-E237C166BABE}.ExportRelease|Any CPU.Build.0 = Release|Any CPU
		{6C0DE98D-9245-4F84-B38D-E237C166BABE}.Release|Any CPU.ActiveCfg = Release|Any CPU
		{6C0DE98D-9245-4F84-B38D-E237C166BABE}.Release|Any CPU.Build.0 = Release|Any CPU
		{B10B9118-9DFE-4779-8AB8-2F08D09440EE}.Debug|Any CPU.ActiveCfg = Debug|Any CPU
		{B10B9118-9DFE-4779-8AB8-2F08D09440EE}.Debug|Any CPU.Build.0 = Debug|Any CPU
		{B10B9118-9DFE-4779-8AB8-2F08D09440EE}.ExportDebug|Any CPU.ActiveCfg = Debug|Any CPU
		{B10B9118-9DFE-4779-8AB8-2F08D09440EE}.ExportDebug|Any CPU.Build.0 = Debug|Any CPU
		{B10B9118-9DFE-4779-8AB8-2F08D09440EE}.ExportRelease|Any CPU.ActiveCfg = Release|Any CPU
		{B10B9118-9DFE-4779-8AB8-2F08D09440EE}.ExportRelease|Any CPU.Build.0 = Release|Any CPU
		{B10B9118-9DFE-4779-8AB8-2F08D09440EE}.Release|Any CPU.ActiveCfg = Release|Any CPU
		{B10B9118-9DFE-4779-8AB8-2F08D09440EE}.Release|Any CPU.Build.0 = Release|Any CPU
		{7C5B43A0-2B53-4E83-BC9A-66B609C2E5C6}.Debug|Any CPU.ActiveCfg = Debug|Any CPU
		{7C5B43A0-2B53-4E83-BC9A-66B609C2E5C6}.Debug|Any CPU.Build.0 = Debug|Any CPU
		{7C5B43A0-2B53-4E83-BC9A-66B609C2E5C6}.ExportDebug|Any CPU.ActiveCfg = Debug|Any CPU
		{7C5B43A0-2B53-4E83-BC9A-66B609C2E5C6}.ExportDebug|Any CPU.Build.0 = Debug|Any CPU
		{7C5B43A0-2B53-4E83-BC9A-66B609C2E5C6}.ExportRelease|Any CPU.ActiveCfg = Release|Any CPU
		{7C5B43A0-2B53-4E83-BC9A-66B609C2E5C6}.ExportRelease|Any CPU.Build.0 = Release|Any CPU
		{7C5B43A0-2B53-4E83-BC9A-66B609C2E5C6}.Release|Any CPU.ActiveCfg = Release|Any CPU
		{7C5B43A0-2B53-4E83-BC9A-66B609C2E5C6}.Release|Any CPU.Build.0 = Release|Any CPU
		{5F871084-B1EF-4FA7-B5CB-7FA95AD9B27D}.Debug|Any CPU.ActiveCfg = Debug|Any CPU
		{5F871084-B1EF-4FA7-B5CB-7FA95AD9B27D}.Debug|Any CPU.Build.0 = Debug|Any CPU
		{5F871084-B1EF-4FA7-B5CB-7FA95AD9B27D}.ExportDebug|Any CPU.ActiveCfg = Debug|Any CPU
		{5F871084-B1EF-4FA7-B5CB-7FA95AD9B27D}.ExportDebug|Any CPU.Build.0 = Debug|Any CPU
		{5F871084-B1EF-4FA7-B5CB-7FA95AD9B27D}.ExportRelease|Any CPU.ActiveCfg = Release|Any CPU
		{5F871084-B1EF-4FA7-B5CB-7FA95AD9B27D}.ExportRelease|Any CPU.Build.0 = Release|Any CPU
		{5F871084-B1EF-4FA7-B5CB-7FA95AD9B27D}.Release|Any CPU.ActiveCfg = Release|Any CPU
		{5F871084-B1EF-4FA7-B5CB-7FA95AD9B27D}.Release|Any CPU.Build.0 = Release|Any CPU
		{A387EDAA-64AB-44FC-ABD6-0099CFA6F8FE}.Debug|Any CPU.ActiveCfg = Debug|Any CPU
		{A387EDAA-64AB-44FC-ABD6-0099CFA6F8FE}.Debug|Any CPU.Build.0 = Debug|Any CPU
		{A387EDAA-64AB-44FC-ABD6-0099CFA6F8FE}.ExportDebug|Any CPU.ActiveCfg = Debug|Any CPU
		{A387EDAA-64AB-44FC-ABD6-0099CFA6F8FE}.ExportDebug|Any CPU.Build.0 = Debug|Any CPU
		{A387EDAA-64AB-44FC-ABD6-0099CFA6F8FE}.ExportRelease|Any CPU.ActiveCfg = Release|Any CPU
		{A387EDAA-64AB-44FC-ABD6-0099CFA6F8FE}.ExportRelease|Any CPU.Build.0 = Release|Any CPU
		{A387EDAA-64AB-44FC-ABD6-0099CFA6F8FE}.Release|Any CPU.ActiveCfg = Release|Any CPU
		{A387EDAA-64AB-44FC-ABD6-0099CFA6F8FE}.Release|Any CPU.Build.0 = Release|Any CPU
	EndGlobalSection
	GlobalSection(SolutionProperties) = preSolution
		HideSolutionNode = FALSE
	EndGlobalSection
	GlobalSection(NestedProjects) = preSolution
		{8E26D490-47B4-42B7-A649-D614215027B4} = {D44A2C1B-2A14-48FE-A7FE-EF281C04D0E6}
		{AD9A62F2-38B1-47B0-8901-D97C1F03A3B7} = {32495D7D-174E-4F21-8AC2-7F2498C0AFBE}
		{1EB4378E-A2D3-410A-B8AB-B49620DD2E3A} = {7B2ACE15-8585-483B-94B9-8199E26D0C8B}
		{DFA63F45-8F02-4083-8967-4E0A93AED74D} = {39560A03-7A25-45ED-B7E2-9DE9C963AB84}
		{6C0DE98D-9245-4F84-B38D-E237C166BABE} = {591F1EB2-30A7-4A93-A31E-AE141D208B85}
		{B10B9118-9DFE-4779-8AB8-2F08D09440EE} = {591F1EB2-30A7-4A93-A31E-AE141D208B85}
		{7C5B43A0-2B53-4E83-BC9A-66B609C2E5C6} = {591F1EB2-30A7-4A93-A31E-AE141D208B85}
		{5F871084-B1EF-4FA7-B5CB-7FA95AD9B27D} = {B9571B7E-78C9-449B-9D21-4E823429FD45}
		{A387EDAA-64AB-44FC-ABD6-0099CFA6F8FE} = {B9571B7E-78C9-449B-9D21-4E823429FD45}
	EndGlobalSection
	GlobalSection(ExtensibilityGlobals) = postSolution
		SolutionGuid = {74333837-D743-4EB1-BD95-5970B0196D92}
	EndGlobalSection
EndGlobal
