
Microsoft Visual Studio Solution File, Format Version 12.00
# Visual Studio Version 17
VisualStudioVersion = 17.4.33213.308
MinimumVisualStudioVersion = 10.0.40219.1
Project("{9A19103F-16F7-4668-BE54-9A1E7A4F7556}") = "Glaceon", "Glaceon.csproj", "{BA9CEA0C-CD2D-4B92-85FC-8CCE3303FE6C}"
EndProject
Project("{2150E333-8FDC-42A3-9474-1A3956D46DE8}") = "dependencies", "dependencies", "{8A17A9D6-C7D3-4FF6-8865-4D66D82E2B23}"
EndProject
Project("{9A19103F-16F7-4668-BE54-9A1E7A4F7556}") = "Eevee", "..\..\Layer 0 - Domain\Eevee\Eevee.csproj", "{859005B2-F4F9-4060-8C2E-3F26945DFB7A}"
EndProject
Project("{9A19103F-16F7-4668-BE54-9A1E7A4F7556}") = "Logia", "..\..\Layer 2 - Application\Logia\Logia.csproj", "{41B69A53-E898-407F-B7E3-021D89757749}"
EndProject
Project("{9A19103F-16F7-4668-BE54-9A1E7A4F7556}") = "Espeon", "..\..\Layer 2 - Application\Espeon\Espeon.csproj", "{7750EC91-C3BE-4F2A-91BC-BF529329E8B1}"
EndProject
Project("{9A19103F-16F7-4668-BE54-9A1E7A4F7556}") = "Umbreon", "..\..\Layer 2 - Application\Umbreon\Umbreon.csproj", "{AA5F3256-24BC-4F84-8DF6-F14EF55CD71C}"
EndProject
Project("{9A19103F-16F7-4668-BE54-9A1E7A4F7556}") = "Util", "..\..\..\..\..\Git\common\SouchyUtils\Util\Util.csproj", "{D096E7F2-B90C-4467-AD04-4A02FFB50EA2}"
EndProject
Project("{9A19103F-16F7-4668-BE54-9A1E7A4F7556}") = "GodotUtil", "..\..\..\..\..\Git\common\SouchyUtils\GodotUtil\GodotUtil.csproj", "{9B436B7D-B2A0-46C9-BEA7-32000878B2DC}"
EndProject
Project("{2150E333-8FDC-42A3-9474-1A3956D46DE8}") = "util", "util", "{6D646FD8-3D3F-4104-A654-E137B3202F44}"
EndProject
Global
	GlobalSection(SolutionConfigurationPlatforms) = preSolution
		Debug|Any CPU = Debug|Any CPU
		ExportDebug|Any CPU = ExportDebug|Any CPU
		ExportRelease|Any CPU = ExportRelease|Any CPU
		Release|Any CPU = Release|Any CPU
	EndGlobalSection
	GlobalSection(ProjectConfigurationPlatforms) = postSolution
		{BA9CEA0C-CD2D-4B92-85FC-8CCE3303FE6C}.Debug|Any CPU.ActiveCfg = Debug|Any CPU
		{BA9CEA0C-CD2D-4B92-85FC-8CCE3303FE6C}.Debug|Any CPU.Build.0 = Debug|Any CPU
		{BA9CEA0C-CD2D-4B92-85FC-8CCE3303FE6C}.ExportDebug|Any CPU.ActiveCfg = ExportDebug|Any CPU
		{BA9CEA0C-CD2D-4B92-85FC-8CCE3303FE6C}.ExportDebug|Any CPU.Build.0 = ExportDebug|Any CPU
		{BA9CEA0C-CD2D-4B92-85FC-8CCE3303FE6C}.ExportRelease|Any CPU.ActiveCfg = ExportRelease|Any CPU
		{BA9CEA0C-CD2D-4B92-85FC-8CCE3303FE6C}.ExportRelease|Any CPU.Build.0 = ExportRelease|Any CPU
		{BA9CEA0C-CD2D-4B92-85FC-8CCE3303FE6C}.Release|Any CPU.ActiveCfg = ExportRelease|Any CPU
		{BA9CEA0C-CD2D-4B92-85FC-8CCE3303FE6C}.Release|Any CPU.Build.0 = ExportRelease|Any CPU
		{859005B2-F4F9-4060-8C2E-3F26945DFB7A}.Debug|Any CPU.ActiveCfg = Debug|Any CPU
		{859005B2-F4F9-4060-8C2E-3F26945DFB7A}.Debug|Any CPU.Build.0 = Debug|Any CPU
		{859005B2-F4F9-4060-8C2E-3F26945DFB7A}.ExportDebug|Any CPU.ActiveCfg = Debug|Any CPU
		{859005B2-F4F9-4060-8C2E-3F26945DFB7A}.ExportDebug|Any CPU.Build.0 = Debug|Any CPU
		{859005B2-F4F9-4060-8C2E-3F26945DFB7A}.ExportRelease|Any CPU.ActiveCfg = Release|Any CPU
		{859005B2-F4F9-4060-8C2E-3F26945DFB7A}.ExportRelease|Any CPU.Build.0 = Release|Any CPU
		{859005B2-F4F9-4060-8C2E-3F26945DFB7A}.Release|Any CPU.ActiveCfg = Release|Any CPU
		{859005B2-F4F9-4060-8C2E-3F26945DFB7A}.Release|Any CPU.Build.0 = Release|Any CPU
		{41B69A53-E898-407F-B7E3-021D89757749}.Debug|Any CPU.ActiveCfg = Debug|Any CPU
		{41B69A53-E898-407F-B7E3-021D89757749}.Debug|Any CPU.Build.0 = Debug|Any CPU
		{41B69A53-E898-407F-B7E3-021D89757749}.ExportDebug|Any CPU.ActiveCfg = Debug|Any CPU
		{41B69A53-E898-407F-B7E3-021D89757749}.ExportDebug|Any CPU.Build.0 = Debug|Any CPU
		{41B69A53-E898-407F-B7E3-021D89757749}.ExportRelease|Any CPU.ActiveCfg = Debug|Any CPU
		{41B69A53-E898-407F-B7E3-021D89757749}.ExportRelease|Any CPU.Build.0 = Debug|Any CPU
		{41B69A53-E898-407F-B7E3-021D89757749}.Release|Any CPU.ActiveCfg = Release|Any CPU
		{41B69A53-E898-407F-B7E3-021D89757749}.Release|Any CPU.Build.0 = Release|Any CPU
		{7750EC91-C3BE-4F2A-91BC-BF529329E8B1}.Debug|Any CPU.ActiveCfg = Debug|Any CPU
		{7750EC91-C3BE-4F2A-91BC-BF529329E8B1}.Debug|Any CPU.Build.0 = Debug|Any CPU
		{7750EC91-C3BE-4F2A-91BC-BF529329E8B1}.ExportDebug|Any CPU.ActiveCfg = Debug|Any CPU
		{7750EC91-C3BE-4F2A-91BC-BF529329E8B1}.ExportDebug|Any CPU.Build.0 = Debug|Any CPU
		{7750EC91-C3BE-4F2A-91BC-BF529329E8B1}.ExportRelease|Any CPU.ActiveCfg = Debug|Any CPU
		{7750EC91-C3BE-4F2A-91BC-BF529329E8B1}.ExportRelease|Any CPU.Build.0 = Debug|Any CPU
		{7750EC91-C3BE-4F2A-91BC-BF529329E8B1}.Release|Any CPU.ActiveCfg = Release|Any CPU
		{7750EC91-C3BE-4F2A-91BC-BF529329E8B1}.Release|Any CPU.Build.0 = Release|Any CPU
		{AA5F3256-24BC-4F84-8DF6-F14EF55CD71C}.Debug|Any CPU.ActiveCfg = Debug|Any CPU
		{AA5F3256-24BC-4F84-8DF6-F14EF55CD71C}.Debug|Any CPU.Build.0 = Debug|Any CPU
		{AA5F3256-24BC-4F84-8DF6-F14EF55CD71C}.ExportDebug|Any CPU.ActiveCfg = Debug|Any CPU
		{AA5F3256-24BC-4F84-8DF6-F14EF55CD71C}.ExportDebug|Any CPU.Build.0 = Debug|Any CPU
		{AA5F3256-24BC-4F84-8DF6-F14EF55CD71C}.ExportRelease|Any CPU.ActiveCfg = Debug|Any CPU
		{AA5F3256-24BC-4F84-8DF6-F14EF55CD71C}.ExportRelease|Any CPU.Build.0 = Debug|Any CPU
		{AA5F3256-24BC-4F84-8DF6-F14EF55CD71C}.Release|Any CPU.ActiveCfg = Release|Any CPU
		{AA5F3256-24BC-4F84-8DF6-F14EF55CD71C}.Release|Any CPU.Build.0 = Release|Any CPU
		{D096E7F2-B90C-4467-AD04-4A02FFB50EA2}.Debug|Any CPU.ActiveCfg = Debug|Any CPU
		{D096E7F2-B90C-4467-AD04-4A02FFB50EA2}.Debug|Any CPU.Build.0 = Debug|Any CPU
		{D096E7F2-B90C-4467-AD04-4A02FFB50EA2}.ExportDebug|Any CPU.ActiveCfg = Debug|Any CPU
		{D096E7F2-B90C-4467-AD04-4A02FFB50EA2}.ExportDebug|Any CPU.Build.0 = Debug|Any CPU
		{D096E7F2-B90C-4467-AD04-4A02FFB50EA2}.ExportRelease|Any CPU.ActiveCfg = Release|Any CPU
		{D096E7F2-B90C-4467-AD04-4A02FFB50EA2}.ExportRelease|Any CPU.Build.0 = Release|Any CPU
		{D096E7F2-B90C-4467-AD04-4A02FFB50EA2}.Release|Any CPU.ActiveCfg = Release|Any CPU
		{D096E7F2-B90C-4467-AD04-4A02FFB50EA2}.Release|Any CPU.Build.0 = Release|Any CPU
		{9B436B7D-B2A0-46C9-BEA7-32000878B2DC}.Debug|Any CPU.ActiveCfg = Debug|Any CPU
		{9B436B7D-B2A0-46C9-BEA7-32000878B2DC}.Debug|Any CPU.Build.0 = Debug|Any CPU
		{9B436B7D-B2A0-46C9-BEA7-32000878B2DC}.ExportDebug|Any CPU.ActiveCfg = Debug|Any CPU
		{9B436B7D-B2A0-46C9-BEA7-32000878B2DC}.ExportDebug|Any CPU.Build.0 = Debug|Any CPU
		{9B436B7D-B2A0-46C9-BEA7-32000878B2DC}.ExportRelease|Any CPU.ActiveCfg = Release|Any CPU
		{9B436B7D-B2A0-46C9-BEA7-32000878B2DC}.ExportRelease|Any CPU.Build.0 = Release|Any CPU
		{9B436B7D-B2A0-46C9-BEA7-32000878B2DC}.Release|Any CPU.ActiveCfg = Release|Any CPU
		{9B436B7D-B2A0-46C9-BEA7-32000878B2DC}.Release|Any CPU.Build.0 = Release|Any CPU
	EndGlobalSection
	GlobalSection(SolutionProperties) = preSolution
		HideSolutionNode = FALSE
	EndGlobalSection
	GlobalSection(NestedProjects) = preSolution
		{859005B2-F4F9-4060-8C2E-3F26945DFB7A} = {8A17A9D6-C7D3-4FF6-8865-4D66D82E2B23}
		{41B69A53-E898-407F-B7E3-021D89757749} = {8A17A9D6-C7D3-4FF6-8865-4D66D82E2B23}
		{7750EC91-C3BE-4F2A-91BC-BF529329E8B1} = {8A17A9D6-C7D3-4FF6-8865-4D66D82E2B23}
		{AA5F3256-24BC-4F84-8DF6-F14EF55CD71C} = {8A17A9D6-C7D3-4FF6-8865-4D66D82E2B23}
		{D096E7F2-B90C-4467-AD04-4A02FFB50EA2} = {6D646FD8-3D3F-4104-A654-E137B3202F44}
		{9B436B7D-B2A0-46C9-BEA7-32000878B2DC} = {6D646FD8-3D3F-4104-A654-E137B3202F44}
		{6D646FD8-3D3F-4104-A654-E137B3202F44} = {8A17A9D6-C7D3-4FF6-8865-4D66D82E2B23}
	EndGlobalSection
	GlobalSection(ExtensibilityGlobals) = postSolution
		SolutionGuid = {D60ECB20-9E55-4C93-8A00-919C0AED01EB}
	EndGlobalSection
EndGlobal
